{
  "nodes": {
    "nixpkgs": {
      "locked": {
        "lastModified": 1731609278,
        "narHash": "sha256-WzslUHS4wJj5eorUzJw09olUVQ4lc9oxeENtpRm/4JM=",
        "owner": "nixos",
        "repo": "nixpkgs",
        "rev": "6bbb777b4386ff7ebc8bd025b52665987719b36a",
        "type": "github"
      },
      "original": {
        "owner": "nixos",
        "ref": "release-24.05",
        "repo": "nixpkgs",
        "type": "github"
      }
    },
    "oceanix": {
      "inputs": {
        "nixpkgs": [
          "nixpkgs"
        ],
        "utils": [
          "utils"
        ]
      },
      "locked": {
        "lastModified": 1731641074,
        "narHash": "sha256-o8JCQ9fX/GTBqlp9a/LmmSuIJqB6lwOG6ktBtJp2l7s=",
        "owner": "null2264",
        "repo": "oceanix",
        "rev": "5c051f2934d233f8899ffdccf67317b189ccbba8",
        "type": "github"
      },
      "original": {
        "owner": "null2264",
        "repo": "oceanix",
        "type": "github"
      }
    },
    "root": {
      "inputs": {
        "nixpkgs": "nixpkgs",
        "oceanix": "oceanix",
        "utils": "utils"
      }
    },
    "systems": {
      "locked": {
        "lastModified": 1681028828,
        "narHash": "sha256-Vy1rq5AaRuLzOxct8nz4T6wlgyUR7zLU309k9mBC768=",
        "owner": "nix-systems",
        "repo": "default",
        "rev": "da67096a3b9bf56a91d16901293e51ba5b49a27e",
        "type": "github"
      },
      "original": {
        "owner": "nix-systems",
        "repo": "default",
        "type": "github"
      }
    },
    "utils": {
      "inputs": {
        "systems": "systems"
      },
      "locked": {
        "lastModified": 1731533236,
        "narHash": "sha256-l0KFg5HjrsfsO/JpG+r7fRrqm12kzFHyUHqHCVpMMbI=",
        "owner": "numtide",
        "repo": "flake-utils",
        "rev": "11707dc2f618dd54ca8739b309ec4fc024de578b",
        "type": "github"
      },
      "original": {
        "owner": "numtide",
        "repo": "flake-utils",
        "type": "github"
      }
    }
  },
  "root": "root",
  "version": 7
}
