{
  "nodes": {
    "nixpkgs": {
      "locked": {
        "lastModified": 1731157609,
        "narHash": "sha256-4twnH4q6Et7D227ozP9Jl3jdhL95zSEUCtpa+Et8nQw=",
        "owner": "nixos",
        "repo": "nixpkgs",
        "rev": "b90a43796a0e098f67d5f2abd19745e8e14af6e9",
        "type": "github"
      },
      "original": {
        "owner": "nixos",
        "ref": "release-24.05",
        "repo": "nixpkgs",
        "type": "github"
      }
    },
    "oceanix": {
      "inputs": {
        "nixpkgs": [
          "nixpkgs"
        ],
        "utils": [
          "utils"
        ]
      },
      "locked": {
        "lastModified": 1731163689,
        "narHash": "sha256-rIeVfCj+76sABRn+W9Ofz11HJdt/H+rkHPCWmmHac4Y=",
        "owner": "null2264",
        "repo": "oceanix",
        "rev": "da307859d76f337588a742640970082181f45aa2",
        "type": "github"
      },
      "original": {
        "owner": "null2264",
        "repo": "oceanix",
        "type": "github"
      }
    },
    "root": {
      "inputs": {
        "nixpkgs": "nixpkgs",
        "oceanix": "oceanix",
        "utils": "utils"
      }
    },
    "systems": {
      "locked": {
        "lastModified": 1681028828,
        "narHash": "sha256-Vy1rq5AaRuLzOxct8nz4T6wlgyUR7zLU309k9mBC768=",
        "owner": "nix-systems",
        "repo": "default",
        "rev": "da67096a3b9bf56a91d16901293e51ba5b49a27e",
        "type": "github"
      },
      "original": {
        "owner": "nix-systems",
        "repo": "default",
        "type": "github"
      }
    },
    "utils": {
      "inputs": {
        "systems": "systems"
      },
      "locked": {
        "lastModified": 1726560853,
        "narHash": "sha256-X6rJYSESBVr3hBoH0WbKE5KvhPU5bloyZ2L4K60/fPQ=",
        "owner": "numtide",
        "repo": "flake-utils",
        "rev": "c1dfcf08411b08f6b8615f7d8971a2bfa81d5e8a",
        "type": "github"
      },
      "original": {
        "owner": "numtide",
        "repo": "flake-utils",
        "type": "github"
      }
    }
  },
  "root": "root",
  "version": 7
}
