{
  "nodes": {
    "nixpkgs": {
      "locked": {
        "lastModified": 1731142304,
        "narHash": "sha256-xYnWv9kyJyF8rEZ1uJaSek2fmaIowkk/ovE6+MwcP2E=",
        "owner": "nixos",
        "repo": "nixpkgs",
        "rev": "bb824c634c812feede9d398c000526401028c0e7",
        "type": "github"
      },
      "original": {
        "owner": "nixos",
        "ref": "release-24.05",
        "repo": "nixpkgs",
        "type": "github"
      }
    },
    "oceanix": {
      "inputs": {
        "nixpkgs": [
          "nixpkgs"
        ],
        "utils": [
          "utils"
        ]
      },
      "locked": {
        "lastModified": 1731143788,
        "narHash": "sha256-Mabs8ZNVIhWbKomGvN5BwUyCnsYf/Cb7ZvcL5C/UEOU=",
        "owner": "null2264",
        "repo": "oceanix",
        "rev": "4c3b1c91ca9a59e7b4a69868a261b93307056f1e",
        "type": "github"
      },
      "original": {
        "owner": "null2264",
        "repo": "oceanix",
        "type": "github"
      }
    },
    "root": {
      "inputs": {
        "nixpkgs": "nixpkgs",
        "oceanix": "oceanix",
        "utils": "utils"
      }
    },
    "systems": {
      "locked": {
        "lastModified": 1681028828,
        "narHash": "sha256-Vy1rq5AaRuLzOxct8nz4T6wlgyUR7zLU309k9mBC768=",
        "owner": "nix-systems",
        "repo": "default",
        "rev": "da67096a3b9bf56a91d16901293e51ba5b49a27e",
        "type": "github"
      },
      "original": {
        "owner": "nix-systems",
        "repo": "default",
        "type": "github"
      }
    },
    "utils": {
      "inputs": {
        "systems": "systems"
      },
      "locked": {
        "lastModified": 1726560853,
        "narHash": "sha256-X6rJYSESBVr3hBoH0WbKE5KvhPU5bloyZ2L4K60/fPQ=",
        "owner": "numtide",
        "repo": "flake-utils",
        "rev": "c1dfcf08411b08f6b8615f7d8971a2bfa81d5e8a",
        "type": "github"
      },
      "original": {
        "owner": "numtide",
        "repo": "flake-utils",
        "type": "github"
      }
    }
  },
  "root": "root",
  "version": 7
}
